{
  "name": "ergogen",
  "lockfileVersion": 3,
  "requires": true,
  "packages": {
    "": {
      "dependencies": {
        "@jscad/stl-serializer": "^2.1.18"
      }
    },
    "node_modules/@jscad/array-utils": {
      "version": "2.1.4",
      "resolved": "https://registry.npmjs.org/@jscad/array-utils/-/array-utils-2.1.4.tgz",
      "integrity": "sha512-c31r4zSKsE+4Xfwk2V8monDA0hx5G89QGzaakWVUvuGNowYS9WSsYCwHiTIXodjR+HEnDu4okQ7k/whmP0Ne2g==",
      "license": "MIT"
    },
    "node_modules/@jscad/modeling": {
      "version": "2.12.3",
      "resolved": "https://registry.npmjs.org/@jscad/modeling/-/modeling-2.12.3.tgz",
      "integrity": "sha512-DnAacXq3zhlYWIixGlFD7RMpgZAMuCaMZNQov0NaoFfs2GaBuTC5eqkqKcEVbhEerBmTllbjjF5IXjJMt9jcOA==",
      "license": "MIT"
    },
    "node_modules/@jscad/stl-serializer": {
      "version": "2.1.18",
      "resolved": "https://registry.npmjs.org/@jscad/stl-serializer/-/stl-serializer-2.1.18.tgz",
      "integrity": "sha512-pz++TRjHI7jBPnnxQUi4B/uYUG3yCDsKlw8+xL2kumwjb+auc6Ng6Rnr/GqUTkgHrnGut08wg/8AekyWjvBwYg==",
      "license": "MIT",
      "dependencies": {
        "@jscad/array-utils": "2.1.4",
        "@jscad/modeling": "2.12.3"
      }
    }
  }
}
